
Microsoft Visual Studio Solution File, Format Version 12.00
# Visual Studio Version 16
VisualStudioVersion = 16.0.31829.152
MinimumVisualStudioVersion = 10.0.40219.1
Project("{FAE04EC0-301F-11D3-BF4B-00C04F79EFBC}") = "Numerical", "Numerical\Numerical.csproj", "{06FB6416-0322-47DB-8645-D78E67597760}"
EndProject
Global
	GlobalSection(SolutionConfigurationPlatforms) = preSolution
		Debug|Any CPU = Debug|Any CPU
		Release|Any CPU = Release|Any CPU
	EndGlobalSection
	GlobalSection(ProjectConfigurationPlatforms) = postSolution
		{06FB6416-0322-47DB-8645-D78E67597760}.Debug|Any CPU.ActiveCfg = Debug|Any CPU
		{06FB6416-0322-47DB-8645-D78E67597760}.Debug|Any CPU.Build.0 = Debug|Any CPU
		{06FB6416-0322-47DB-8645-D78E67597760}.Release|Any CPU.ActiveCfg = Release|Any CPU
		{06FB6416-0322-47DB-8645-D78E67597760}.Release|Any CPU.Build.0 = Release|Any CPU
	EndGlobalSection
	GlobalSection(SolutionProperties) = preSolution
		HideSolutionNode = FALSE
	EndGlobalSection
	GlobalSection(ExtensibilityGlobals) = postSolution
		SolutionGuid = {8E53E715-A00C-45A9-80CC-1F2EED0D92A1}
	EndGlobalSection
EndGlobal
